
Microsoft Visual Studio Solution File, Format Version 12.00
# Visual Studio Version 17
VisualStudioVersion = 17.3.32825.248
MinimumVisualStudioVersion = 10.0.40219.1
Project("{FAE04EC0-301F-11D3-BF4B-00C04F79EFBC}") = "ShipsGame", "ShipsGame\ShipsGame.csproj", "{6FB23478-54F8-4072-B1CB-615A6BA2C300}"
EndProject
Global
	GlobalSection(SolutionConfigurationPlatforms) = preSolution
		Debug|Any CPU = Debug|Any CPU
		Release|Any CPU = Release|Any CPU
	EndGlobalSection
	GlobalSection(ProjectConfigurationPlatforms) = postSolution
		{6FB23478-54F8-4072-B1CB-615A6BA2C300}.Debug|Any CPU.ActiveCfg = Debug|Any CPU
		{6FB23478-54F8-4072-B1CB-615A6BA2C300}.Debug|Any CPU.Build.0 = Debug|Any CPU
		{6FB23478-54F8-4072-B1CB-615A6BA2C300}.Release|Any CPU.ActiveCfg = Release|Any CPU
		{6FB23478-54F8-4072-B1CB-615A6BA2C300}.Release|Any CPU.Build.0 = Release|Any CPU
	EndGlobalSection
	GlobalSection(SolutionProperties) = preSolution
		HideSolutionNode = FALSE
	EndGlobalSection
	GlobalSection(ExtensibilityGlobals) = postSolution
		SolutionGuid = {54CDB495-A447-4535-92B9-553ECCCA5541}
	EndGlobalSection
EndGlobal
